
Microsoft Visual Studio Solution File, Format Version 12.00
# Visual Studio Version 17
VisualStudioVersion = 17.4.33213.308
MinimumVisualStudioVersion = 10.0.40219.1
Project("{FAE04EC0-301F-11D3-BF4B-00C04F79EFBC}") = "GreetingWebApp", "GreetingWebApp\GreetingWebApp.csproj", "{094C4689-5084-472D-88BD-B44E84C07C40}"
EndProject
Global
	GlobalSection(SolutionConfigurationPlatforms) = preSolution
		Debug|Any CPU = Debug|Any CPU
		Release|Any CPU = Release|Any CPU
	EndGlobalSection
	GlobalSection(ProjectConfigurationPlatforms) = postSolution
		{094C4689-5084-472D-88BD-B44E84C07C40}.Debug|Any CPU.ActiveCfg = Debug|Any CPU
		{094C4689-5084-472D-88BD-B44E84C07C40}.Debug|Any CPU.Build.0 = Debug|Any CPU
		{094C4689-5084-472D-88BD-B44E84C07C40}.Release|Any CPU.ActiveCfg = Release|Any CPU
		{094C4689-5084-472D-88BD-B44E84C07C40}.Release|Any CPU.Build.0 = Release|Any CPU
	EndGlobalSection
	GlobalSection(SolutionProperties) = preSolution
		HideSolutionNode = FALSE
	EndGlobalSection
	GlobalSection(ExtensibilityGlobals) = postSolution
		SolutionGuid = {EE0B008F-2B42-4106-BC3F-0BD2D27E4E47}
	EndGlobalSection
EndGlobal
